
Microsoft Visual Studio Solution File, Format Version 12.00
# Visual Studio Version 17
VisualStudioVersion = 17.8.34330.188
MinimumVisualStudioVersion = 10.0.40219.1
Project("{8BC9CEB8-8B4A-11D0-8D11-00A0C91BC942}") = "ConsoleApplication1", "ConsoleApplication1\ConsoleApplication1.vcxproj", "{AB6F3AC3-72C9-4622-A6BA-AA72E043BF16}"
EndProject
Global
	GlobalSection(SolutionConfigurationPlatforms) = preSolution
		Debug|x64 = Debug|x64
		Debug|x86 = Debug|x86
		Release|x64 = Release|x64
		Release|x86 = Release|x86
	EndGlobalSection
	GlobalSection(ProjectConfigurationPlatforms) = postSolution
		{AB6F3AC3-72C9-4622-A6BA-AA72E043BF16}.Debug|x64.ActiveCfg = Debug|x64
		{AB6F3AC3-72C9-4622-A6BA-AA72E043BF16}.Debug|x64.Build.0 = Debug|x64
		{AB6F3AC3-72C9-4622-A6BA-AA72E043BF16}.Debug|x86.ActiveCfg = Debug|Win32
		{AB6F3AC3-72C9-4622-A6BA-AA72E043BF16}.Debug|x86.Build.0 = Debug|Win32
		{AB6F3AC3-72C9-4622-A6BA-AA72E043BF16}.Release|x64.ActiveCfg = Release|x64
		{AB6F3AC3-72C9-4622-A6BA-AA72E043BF16}.Release|x64.Build.0 = Release|x64
		{AB6F3AC3-72C9-4622-A6BA-AA72E043BF16}.Release|x86.ActiveCfg = Release|Win32
		{AB6F3AC3-72C9-4622-A6BA-AA72E043BF16}.Release|x86.Build.0 = Release|Win32
	EndGlobalSection
	GlobalSection(SolutionProperties) = preSolution
		HideSolutionNode = FALSE
	EndGlobalSection
	GlobalSection(ExtensibilityGlobals) = postSolution
		SolutionGuid = {994AA670-CCB9-49A2-8E3C-5A99AD2F7D99}
	EndGlobalSection
EndGlobal
