
Microsoft Visual Studio Solution File, Format Version 12.00
# Visual Studio Version 17
VisualStudioVersion = 17.8.34330.188
MinimumVisualStudioVersion = 10.0.40219.1
Project("{8BC9CEB8-8B4A-11D0-8D11-00A0C91BC942}") = "integers divisible without remainder by each other", "integers divisible without remainder by each other\integers divisible without remainder by each other.vcxproj", "{A7E047EC-4D92-4DDE-B540-5892D8E5DCD5}"
EndProject
Global
	GlobalSection(SolutionConfigurationPlatforms) = preSolution
		Debug|x64 = Debug|x64
		Debug|x86 = Debug|x86
		Release|x64 = Release|x64
		Release|x86 = Release|x86
	EndGlobalSection
	GlobalSection(ProjectConfigurationPlatforms) = postSolution
		{A7E047EC-4D92-4DDE-B540-5892D8E5DCD5}.Debug|x64.ActiveCfg = Debug|x64
		{A7E047EC-4D92-4DDE-B540-5892D8E5DCD5}.Debug|x64.Build.0 = Debug|x64
		{A7E047EC-4D92-4DDE-B540-5892D8E5DCD5}.Debug|x86.ActiveCfg = Debug|Win32
		{A7E047EC-4D92-4DDE-B540-5892D8E5DCD5}.Debug|x86.Build.0 = Debug|Win32
		{A7E047EC-4D92-4DDE-B540-5892D8E5DCD5}.Release|x64.ActiveCfg = Release|x64
		{A7E047EC-4D92-4DDE-B540-5892D8E5DCD5}.Release|x64.Build.0 = Release|x64
		{A7E047EC-4D92-4DDE-B540-5892D8E5DCD5}.Release|x86.ActiveCfg = Release|Win32
		{A7E047EC-4D92-4DDE-B540-5892D8E5DCD5}.Release|x86.Build.0 = Release|Win32
	EndGlobalSection
	GlobalSection(SolutionProperties) = preSolution
		HideSolutionNode = FALSE
	EndGlobalSection
	GlobalSection(ExtensibilityGlobals) = postSolution
		SolutionGuid = {22E27E16-B0F8-4485-B6E2-C00348CFA935}
	EndGlobalSection
EndGlobal
